
Microsoft Visual Studio Solution File, Format Version 12.00
# Visual Studio Version 16
VisualStudioVersion = 16.0.30503.244
MinimumVisualStudioVersion = 10.0.40219.1
Project("{9A19103F-16F7-4668-BE54-9A1E7A4F7556}") = "CardNoMatchResponse", "CardNoMatchResponse\CardNoMatchResponse.csproj", "{7CA20577-8CCD-4695-9ED6-76503677328B}"
EndProject
Global
	GlobalSection(SolutionConfigurationPlatforms) = preSolution
		Debug|Any CPU = Debug|Any CPU
		Release|Any CPU = Release|Any CPU
	EndGlobalSection
	GlobalSection(ProjectConfigurationPlatforms) = postSolution
		{7CA20577-8CCD-4695-9ED6-76503677328B}.Debug|Any CPU.ActiveCfg = Debug|Any CPU
		{7CA20577-8CCD-4695-9ED6-76503677328B}.Debug|Any CPU.Build.0 = Debug|Any CPU
		{7CA20577-8CCD-4695-9ED6-76503677328B}.Release|Any CPU.ActiveCfg = Release|Any CPU
		{7CA20577-8CCD-4695-9ED6-76503677328B}.Release|Any CPU.Build.0 = Release|Any CPU
	EndGlobalSection
	GlobalSection(SolutionProperties) = preSolution
		HideSolutionNode = FALSE
	EndGlobalSection
	GlobalSection(ExtensibilityGlobals) = postSolution
		SolutionGuid = {4DA27882-631B-428F-B9BE-A8F7589B12AA}
	EndGlobalSection
EndGlobal
